
Microsoft Visual Studio Solution File, Format Version 12.00
# Visual Studio 15
VisualStudioVersion = 15.0.28010.2016
MinimumVisualStudioVersion = 10.0.40219.1
Project("{FAE04EC0-301F-11D3-BF4B-00C04F79EFBC}") = "ToyChromium", "ToyChromium\ToyChromium.csproj", "{BE30117D-356B-44FF-A24F-4086123CE388}"
EndProject
Global
	GlobalSection(SolutionConfigurationPlatforms) = preSolution
		Debug|Any CPU = Debug|Any CPU
		Debug|x86 = Debug|x86
		Release|Any CPU = Release|Any CPU
		Release|x86 = Release|x86
	EndGlobalSection
	GlobalSection(ProjectConfigurationPlatforms) = postSolution
		{BE30117D-356B-44FF-A24F-4086123CE388}.Debug|Any CPU.ActiveCfg = Debug|Any CPU
		{BE30117D-356B-44FF-A24F-4086123CE388}.Debug|Any CPU.Build.0 = Debug|Any CPU
		{BE30117D-356B-44FF-A24F-4086123CE388}.Debug|x86.ActiveCfg = Debug|x86
		{BE30117D-356B-44FF-A24F-4086123CE388}.Debug|x86.Build.0 = Debug|x86
		{BE30117D-356B-44FF-A24F-4086123CE388}.Release|Any CPU.ActiveCfg = Release|Any CPU
		{BE30117D-356B-44FF-A24F-4086123CE388}.Release|Any CPU.Build.0 = Release|Any CPU
		{BE30117D-356B-44FF-A24F-4086123CE388}.Release|x86.ActiveCfg = Release|x86
		{BE30117D-356B-44FF-A24F-4086123CE388}.Release|x86.Build.0 = Release|x86
	EndGlobalSection
	GlobalSection(SolutionProperties) = preSolution
		HideSolutionNode = FALSE
	EndGlobalSection
	GlobalSection(ExtensibilityGlobals) = postSolution
		SolutionGuid = {C6DF3D75-BDEC-4893-AE8E-74F1AA4A9753}
	EndGlobalSection
EndGlobal
